
Microsoft Visual Studio Solution File, Format Version 12.00
# Visual Studio Version 17
VisualStudioVersion = 17.14.36915.13
MinimumVisualStudioVersion = 10.0.40219.1
Project("{FAE04EC0-301F-11D3-BF4B-00C04F79EFBC}") = "EpamWebsite.Tests", "EpamWebsiteTests.TestLayer\EpamWebsite.Tests.csproj", "{D264ED6E-6835-4A5C-91A6-281124A52A52}"
EndProject
Project("{FAE04EC0-301F-11D3-BF4B-00C04F79EFBC}") = "EpamWebsite.Business", "EpamWebsiteTests.BusinessLayer\EpamWebsite.Business.csproj", "{59FD9AC3-F44B-4A2B-88F4-25447FDFFB2B}"
EndProject
Project("{FAE04EC0-301F-11D3-BF4B-00C04F79EFBC}") = "EpamWebsite.Core", "EpamWebsite.Core\EpamWebsite.Core.csproj", "{9D7CF5C2-F306-4D34-81BD-8230ECA820F3}"
EndProject
Project("{FAE04EC0-301F-11D3-BF4B-00C04F79EFBC}") = "EpamWebsite.BDDTests", "EpamWebsite.BDDTests\EpamWebsite.BDDTests.csproj", "{20CC61D3-C5E5-40E9-B435-A220B1118699}"
EndProject
Project("{FAE04EC0-301F-11D3-BF4B-00C04F79EFBC}") = "ApiTests", "ApiTests\ApiTests.csproj", "{B159324D-F396-4070-8F1C-D490CD33524C}"
EndProject
Global
	GlobalSection(SolutionConfigurationPlatforms) = preSolution
		Debug|Any CPU = Debug|Any CPU
		Release|Any CPU = Release|Any CPU
	EndGlobalSection
	GlobalSection(ProjectConfigurationPlatforms) = postSolution
		{D264ED6E-6835-4A5C-91A6-281124A52A52}.Debug|Any CPU.ActiveCfg = Debug|Any CPU
		{D264ED6E-6835-4A5C-91A6-281124A52A52}.Debug|Any CPU.Build.0 = Debug|Any CPU
		{D264ED6E-6835-4A5C-91A6-281124A52A52}.Release|Any CPU.ActiveCfg = Release|Any CPU
		{D264ED6E-6835-4A5C-91A6-281124A52A52}.Release|Any CPU.Build.0 = Release|Any CPU
		{59FD9AC3-F44B-4A2B-88F4-25447FDFFB2B}.Debug|Any CPU.ActiveCfg = Debug|Any CPU
		{59FD9AC3-F44B-4A2B-88F4-25447FDFFB2B}.Debug|Any CPU.Build.0 = Debug|Any CPU
		{59FD9AC3-F44B-4A2B-88F4-25447FDFFB2B}.Release|Any CPU.ActiveCfg = Release|Any CPU
		{59FD9AC3-F44B-4A2B-88F4-25447FDFFB2B}.Release|Any CPU.Build.0 = Release|Any CPU
		{9D7CF5C2-F306-4D34-81BD-8230ECA820F3}.Debug|Any CPU.ActiveCfg = Debug|Any CPU
		{9D7CF5C2-F306-4D34-81BD-8230ECA820F3}.Debug|Any CPU.Build.0 = Debug|Any CPU
		{9D7CF5C2-F306-4D34-81BD-8230ECA820F3}.Release|Any CPU.ActiveCfg = Release|Any CPU
		{9D7CF5C2-F306-4D34-81BD-8230ECA820F3}.Release|Any CPU.Build.0 = Release|Any CPU
		{20CC61D3-C5E5-40E9-B435-A220B1118699}.Debug|Any CPU.ActiveCfg = Debug|Any CPU
		{20CC61D3-C5E5-40E9-B435-A220B1118699}.Debug|Any CPU.Build.0 = Debug|Any CPU
		{20CC61D3-C5E5-40E9-B435-A220B1118699}.Release|Any CPU.ActiveCfg = Release|Any CPU
		{20CC61D3-C5E5-40E9-B435-A220B1118699}.Release|Any CPU.Build.0 = Release|Any CPU
		{B159324D-F396-4070-8F1C-D490CD33524C}.Debug|Any CPU.ActiveCfg = Debug|Any CPU
		{B159324D-F396-4070-8F1C-D490CD33524C}.Debug|Any CPU.Build.0 = Debug|Any CPU
		{B159324D-F396-4070-8F1C-D490CD33524C}.Release|Any CPU.ActiveCfg = Release|Any CPU
		{B159324D-F396-4070-8F1C-D490CD33524C}.Release|Any CPU.Build.0 = Release|Any CPU
	EndGlobalSection
	GlobalSection(SolutionProperties) = preSolution
		HideSolutionNode = FALSE
	EndGlobalSection
	GlobalSection(ExtensibilityGlobals) = postSolution
		SolutionGuid = {248E0A79-659B-4ED9-81A8-781DC8E9DF4E}
	EndGlobalSection
EndGlobal
